
Microsoft Visual Studio Solution File, Format Version 12.00
# Visual Studio Version 16
VisualStudioVersion = 16.0.33328.57
MinimumVisualStudioVersion = 10.0.40219.1
Project("{FAE04EC0-301F-11D3-BF4B-00C04F79EFBC}") = "pomotato", "pomotato\pomotato.csproj", "{4D62A964-F17E-4FB7-8D56-95F5F60176AD}"
EndProject
Global
	GlobalSection(SolutionConfigurationPlatforms) = preSolution
		Debug|Any CPU = Debug|Any CPU
		Release|Any CPU = Release|Any CPU
	EndGlobalSection
	GlobalSection(ProjectConfigurationPlatforms) = postSolution
		{4D62A964-F17E-4FB7-8D56-95F5F60176AD}.Debug|Any CPU.ActiveCfg = Debug|Any CPU
		{4D62A964-F17E-4FB7-8D56-95F5F60176AD}.Debug|Any CPU.Build.0 = Debug|Any CPU
		{4D62A964-F17E-4FB7-8D56-95F5F60176AD}.Release|Any CPU.ActiveCfg = Release|Any CPU
		{4D62A964-F17E-4FB7-8D56-95F5F60176AD}.Release|Any CPU.Build.0 = Release|Any CPU
	EndGlobalSection
	GlobalSection(SolutionProperties) = preSolution
		HideSolutionNode = FALSE
	EndGlobalSection
	GlobalSection(ExtensibilityGlobals) = postSolution
		SolutionGuid = {A4200AFE-64CB-4466-BA10-7EC5D6917A21}
	EndGlobalSection
EndGlobal
